// !$*UTF8*$!
{
	archiveVersion = 1;
	classes = {
	};
	objectVersion = 50;
	objects = {

/* Begin PBXBuildFile section */
		1D53652123BE7E4B00152BCD /* AppDelegate.swift in Sources */ = {isa = PBXBuildFile; fileRef = 1D53652023BE7E4B00152BCD /* AppDelegate.swift */; };
		1D53652323BE7E4B00152BCD /* SceneDelegate.swift in Sources */ = {isa = PBXBuildFile; fileRef = 1D53652223BE7E4B00152BCD /* SceneDelegate.swift */; };
		1D53652523BE7E4B00152BCD /* ViewController.swift in Sources */ = {isa = PBXBuildFile; fileRef = 1D53652423BE7E4B00152BCD /* ViewController.swift */; };
		1D53652823BE7E4B00152BCD /* Main.storyboard in Resources */ = {isa = PBXBuildFile; fileRef = 1D53652623BE7E4B00152BCD /* Main.storyboard */; };
		1D53652A23BE7E4C00152BCD /* Assets.xcassets in Resources */ = {isa = PBXBuildFile; fileRef = 1D53652923BE7E4C00152BCD /* Assets.xcassets */; };
		1D53652D23BE7E4C00152BCD /* LaunchScreen.storyboard in Resources */ = {isa = PBXBuildFile; fileRef = 1D53652B23BE7E4C00152BCD /* LaunchScreen.storyboard */; };
		5316D6157A23E620E0CDE694 /* Pods_ThanosEffectStyle.framework in Frameworks */ = {isa = PBXBuildFile; fileRef = 03F541738118FD6C63C44ED3 /* Pods_ThanosEffectStyle.framework */; };
/* End PBXBuildFile section */

/* Begin PBXFileReference section */
		03F541738118FD6C63C44ED3 /* Pods_ThanosEffectStyle.framework */ = {isa = PBXFileReference; explicitFileType = wrapper.framework; includeInIndex = 0; path = Pods_ThanosEffectStyle.framework; sourceTree = BUILT_PRODUCTS_DIR; };
		1D53651D23BE7E4B00152BCD /* ThanosEffectStyle.app */ = {isa = PBXFileReference; explicitFileType = wrapper.application; includeInIndex = 0; path = ThanosEffectStyle.app; sourceTree = BUILT_PRODUCTS_DIR; };
		1D53652023BE7E4B00152BCD /* AppDelegate.swift */ = {isa = PBXFileReference; lastKnownFileType = sourcecode.swift; path = AppDelegate.swift; sourceTree = "<group>"; };
		1D53652223BE7E4B00152BCD /* SceneDelegate.swift */ = {isa = PBXFileReference; lastKnownFileType = sourcecode.swift; path = SceneDelegate.swift; sourceTree = "<group>"; };
		1D53652423BE7E4B00152BCD /* ViewController.swift */ = {isa = PBXFileReference; lastKnownFileType = sourcecode.swift; path = ViewController.swift; sourceTree = "<group>"; };
		1D53652723BE7E4B00152BCD /* Base */ = {isa = PBXFileReference; lastKnownFileType = file.storyboard; name = Base; path = Base.lproj/Main.storyboard; sourceTree = "<group>"; };
		1D53652923BE7E4C00152BCD /* Assets.xcassets */ = {isa = PBXFileReference; lastKnownFileType = folder.assetcatalog; path = Assets.xcassets; sourceTree = "<group>"; };
		1D53652C23BE7E4C00152BCD /* Base */ = {isa = PBXFileReference; lastKnownFileType = file.storyboard; name = Base; path = Base.lproj/LaunchScreen.storyboard; sourceTree = "<group>"; };
		1D53652E23BE7E4C00152BCD /* Info.plist */ = {isa = PBXFileReference; lastKnownFileType = text.plist.xml; path = Info.plist; sourceTree = "<group>"; };
		94002B438E5B47028FE326EF /* Pods-ThanosEffectStyle.debug.xcconfig */ = {isa = PBXFileReference; includeInIndex = 1; lastKnownFileType = text.xcconfig; name = "Pods-ThanosEffectStyle.debug.xcconfig"; path = "Target Support Files/Pods-ThanosEffectStyle/Pods-ThanosEffectStyle.debug.xcconfig"; sourceTree = "<group>"; };
		F2B927324F0239C11B67C9D3 /* Pods-ThanosEffectStyle.release.xcconfig */ = {isa = PBXFileReference; includeInIndex = 1; lastKnownFileType = text.xcconfig; name = "Pods-ThanosEffectStyle.release.xcconfig"; path = "Target Support Files/Pods-ThanosEffectStyle/Pods-ThanosEffectStyle.release.xcconfig"; sourceTree = "<group>"; };
/* End PBXFileReference section */

/* Begin PBXFrameworksBuildPhase section */
		1D53651A23BE7E4B00152BCD /* Frameworks */ = {
			isa = PBXFrameworksBuildPhase;
			buildActionMask = 2147483647;
			files = (
				5316D6157A23E620E0CDE694 /* Pods_ThanosEffectStyle.framework in Frameworks */,
			);
			runOnlyForDeploymentPostprocessing = 0;
		};
/* End PBXFrameworksBuildPhase section */

/* Begin PBXGroup section */
		1D53651423BE7E4B00152BCD = {
			isa = PBXGroup;
			children = (
				1D53651F23BE7E4B00152BCD /* ThanosEffectStyle */,
				1D53651E23BE7E4B00152BCD /* Products */,
				7293DC4138EF1C00FE85F25F /* Pods */,
				2FADA1EB619A4AFA4B09C261 /* Frameworks */,
			);
			sourceTree = "<group>";
		};
		1D53651E23BE7E4B00152BCD /* Products */ = {
			isa = PBXGroup;
			children = (
				1D53651D23BE7E4B00152BCD /* ThanosEffectStyle.app */,
			);
			name = Products;
			sourceTree = "<group>";
		};
		1D53651F23BE7E4B00152BCD /* ThanosEffectStyle */ = {
			isa = PBXGroup;
			children = (
				1D53652023BE7E4B00152BCD /* AppDelegate.swift */,
				1D53652223BE7E4B00152BCD /* SceneDelegate.swift */,
				1D53652423BE7E4B00152BCD /* ViewController.swift */,
				1D53652623BE7E4B00152BCD /* Main.storyboard */,
				1D53652923BE7E4C00152BCD /* Assets.xcassets */,
				1D53652B23BE7E4C00152BCD /* LaunchScreen.storyboard */,
				1D53652E23BE7E4C00152BCD /* Info.plist */,
			);
			path = ThanosEffectStyle;
			sourceTree = "<group>";
		};
		2FADA1EB619A4AFA4B09C261 /* Frameworks */ = {
			isa = PBXGroup;
			children = (
				03F541738118FD6C63C44ED3 /* Pods_ThanosEffectStyle.framework */,
			);
			name = Frameworks;
			sourceTree = "<group>";
		};
		7293DC4138EF1C00FE85F25F /* Pods */ = {
			isa = PBXGroup;
			children = (
				94002B438E5B47028FE326EF /* Pods-ThanosEffectStyle.debug.xcconfig */,
				F2B927324F0239C11B67C9D3 /* Pods-ThanosEffectStyle.release.xcconfig */,
			);
			name = Pods;
			path = Pods;
			sourceTree = "<group>";
		};
/* End PBXGroup section */

/* Begin PBXNativeTarget section */
		1D53651C23BE7E4B00152BCD /* ThanosEffectStyle */ = {
			isa = PBXNativeTarget;
			buildConfigurationList = 1D53653123BE7E4C00152BCD /* Build configuration list for PBXNativeTarget "ThanosEffectStyle" */;
			buildPhases = (
				3EE83C29374889573CB51321 /* [CP] Check Pods Manifest.lock */,
				1D53651923BE7E4B00152BCD /* Sources */,
				1D53651A23BE7E4B00152BCD /* Frameworks */,
				1D53651B23BE7E4B00152BCD /* Resources */,
				AA4CCF37F14D32000A20E457 /* [CP] Embed Pods Frameworks */,
			);
			buildRules = (
			);
			dependencies = (
			);
			name = ThanosEffectStyle;
			productName = ThanosEffectStyle;
			productReference = 1D53651D23BE7E4B00152BCD /* ThanosEffectStyle.app */;
			productType = "com.apple.product-type.application";
		};
/* End PBXNativeTarget section */

/* Begin PBXProject section */
		1D53651523BE7E4B00152BCD /* Project object */ = {
			isa = PBXProject;
			attributes = {
				LastSwiftUpdateCheck = 1130;
				LastUpgradeCheck = 1130;
				ORGANIZATIONNAME = "Ramill Ibragimov";
				TargetAttributes = {
					1D53651C23BE7E4B00152BCD = {
						CreatedOnToolsVersion = 11.3;
					};
				};
			};
			buildConfigurationList = 1D53651823BE7E4B00152BCD /* Build configuration list for PBXProject "ThanosEffectStyle" */;
			compatibilityVersion = "Xcode 9.3";
			developmentRegion = en;
			hasScannedForEncodings = 0;
			knownRegions = (
				en,
				Base,
			);
			mainGroup = 1D53651423BE7E4B00152BCD;
			productRefGroup = 1D53651E23BE7E4B00152BCD /* Products */;
			projectDirPath = "";
			projectRoot = "";
			targets = (
				1D53651C23BE7E4B00152BCD /* ThanosEffectStyle */,
			);
		};
/* End PBXProject section */

/* Begin PBXResourcesBuildPhase section */
		1D53651B23BE7E4B00152BCD /* Resources */ = {
			isa = PBXResourcesBuildPhase;
			buildActionMask = 2147483647;
			files = (
				1D53652D23BE7E4C00152BCD /* LaunchScreen.storyboard in Resources */,
				1D53652A23BE7E4C00152BCD /* Assets.xcassets in Resources */,
				1D53652823BE7E4B00152BCD /* Main.storyboard in Resources */,
			);
			runOnlyForDeploymentPostprocessing = 0;
		};
/* End PBXResourcesBuildPhase section */

/* Begin PBXShellScriptBuildPhase section */
		3EE83C29374889573CB51321 /* [CP] Check Pods Manifest.lock */ = {
			isa = PBXShellScriptBuildPhase;
			buildActionMask = 2147483647;
			files = (
			);
			inputFileListPaths = (
			);
			inputPaths = (
				"${PODS_PODFILE_DIR_PATH}/Podfile.lock",
				"${PODS_ROOT}/Manifest.lock",
			);
			name = "[CP] Check Pods Manifest.lock";
			outputFileListPaths = (
			);
			outputPaths = (
				"$(DERIVED_FILE_DIR)/Pods-ThanosEffectStyle-checkManifestLockResult.txt",
			);
			runOnlyForDeploymentPostprocessing = 0;
			shellPath = /bin/sh;
			shellScript = "diff \"${PODS_PODFILE_DIR_PATH}/Podfile.lock\" \"${PODS_ROOT}/Manifest.lock\" > /dev/null\nif [ $? != 0 ] ; then\n    # print error to STDERR\n    echo \"error: The sandbox is not in sync with the Podfile.lock. Run 'pod install' or update your CocoaPods installation.\" >&2\n    exit 1\nfi\n# This output is used by Xcode 'outputs' to avoid re-running this script phase.\necho \"SUCCESS\" > \"${SCRIPT_OUTPUT_FILE_0}\"\n";
			showEnvVarsInLog = 0;
		};
		AA4CCF37F14D32000A20E457 /* [CP] Embed Pods Frameworks */ = {
			isa = PBXShellScriptBuildPhase;
			buildActionMask = 2147483647;
			files = (
			);
			inputFileListPaths = (
				"${PODS_ROOT}/Target Support Files/Pods-ThanosEffectStyle/Pods-ThanosEffectStyle-frameworks-${CONFIGURATION}-input-files.xcfilelist",
			);
			name = "[CP] Embed Pods Frameworks";
			outputFileListPaths = (
				"${PODS_ROOT}/Target Support Files/Pods-ThanosEffectStyle/Pods-ThanosEffectStyle-frameworks-${CONFIGURATION}-output-files.xcfilelist",
			);
			runOnlyForDeploymentPostprocessing = 0;
			shellPath = /bin/sh;
			shellScript = "\"${PODS_ROOT}/Target Support Files/Pods-ThanosEffectStyle/Pods-ThanosEffectStyle-frameworks.sh\"\n";
			showEnvVarsInLog = 0;
		};
/* End PBXShellScriptBuildPhase section */

/* Begin PBXSourcesBuildPhase section */
		1D53651923BE7E4B00152BCD /* Sources */ = {
			isa = PBXSourcesBuildPhase;
			buildActionMask = 2147483647;
			files = (
				1D53652523BE7E4B00152BCD /* ViewController.swift in Sources */,
				1D53652123BE7E4B00152BCD /* AppDelegate.swift in Sources */,
				1D53652323BE7E4B00152BCD /* SceneDelegate.swift in Sources */,
			);
			runOnlyForDeploymentPostprocessing = 0;
		};
/* End PBXSourcesBuildPhase section */

/* Begin PBXVariantGroup section */
		1D53652623BE7E4B00152BCD /* Main.storyboard */ = {
			isa = PBXVariantGroup;
			children = (
				1D53652723BE7E4B00152BCD /* Base */,
			);
			name = Main.storyboard;
			sourceTree = "<group>";
		};
		1D53652B23BE7E4C00152BCD /* LaunchScreen.storyboard */ = {
			isa = PBXVariantGroup;
			children = (
				1D53652C23BE7E4C00152BCD /* Base */,
			);
			name = LaunchScreen.storyboard;
			sourceTree = "<group>";
		};
/* End PBXVariantGroup section */

/* Begin XCBuildConfiguration section */
		1D53652F23BE7E4C00152BCD /* Debug */ = {
			isa = XCBuildConfiguration;
			buildSettings = {
				ALWAYS_SEARCH_USER_PATHS = NO;
				CLANG_ANALYZER_NONNULL = YES;
				CLANG_ANALYZER_NUMBER_OBJECT_CONVERSION = YES_AGGRESSIVE;
				CLANG_CXX_LANGUAGE_STANDARD = "gnu++14";
				CLANG_CXX_LIBRARY = "libc++";
				CLANG_ENABLE_MODULES = YES;
				CLANG_ENABLE_OBJC_ARC = YES;
				CLANG_ENABLE_OBJC_WEAK = YES;
				CLANG_WARN_BLOCK_CAPTURE_AUTORELEASING = YES;
				CLANG_WARN_BOOL_CONVERSION = YES;
				CLANG_WARN_COMMA = YES;
				CLANG_WARN_CONSTANT_CONVERSION = YES;
				CLANG_WARN_DEPRECATED_OBJC_IMPLEMENTATIONS = YES;
				CLANG_WARN_DIRECT_OBJC_ISA_USAGE = YES_ERROR;
				CLANG_WARN_DOCUMENTATION_COMMENTS = YES;
				CLANG_WARN_EMPTY_BODY = YES;
				CLANG_WARN_ENUM_CONVERSION = YES;
				CLANG_WARN_INFINITE_RECURSION = YES;
				CLANG_WARN_INT_CONVERSION = YES;
				CLANG_WARN_NON_LITERAL_NULL_CONVERSION = YES;
				CLANG_WARN_OBJC_IMPLICIT_RETAIN_SELF = YES;
				CLANG_WARN_OBJC_LITERAL_CONVERSION = YES;
				CLANG_WARN_OBJC_ROOT_CLASS = YES_ERROR;
				CLANG_WARN_RANGE_LOOP_ANALYSIS = YES;
				CLANG_WARN_STRICT_PROTOTYPES = YES;
				CLANG_WARN_SUSPICIOUS_MOVE = YES;
				CLANG_WARN_UNGUARDED_AVAILABILITY = YES_AGGRESSIVE;
				CLANG_WARN_UNREACHABLE_CODE = YES;
				CLANG_WARN__DUPLICATE_METHOD_MATCH = YES;
				COPY_PHASE_STRIP = NO;
				DEBUG_INFORMATION_FORMAT = dwarf;
				ENABLE_STRICT_OBJC_MSGSEND = YES;
				ENABLE_TESTABILITY = YES;
				GCC_C_LANGUAGE_STANDARD = gnu11;
				GCC_DYNAMIC_NO_PIC = NO;
				GCC_NO_COMMON_BLOCKS = YES;
				GCC_OPTIMIZATION_LEVEL = 0;
				GCC_PREPROCESSOR_DEFINITIONS = (
					"DEBUG=1",
					"$(inherited)",
				);
				GCC_WARN_64_TO_32_BIT_CONVERSION = YES;
				GCC_WARN_ABOUT_RETURN_TYPE = YES_ERROR;
				GCC_WARN_UNDECLARED_SELECTOR = YES;
				GCC_WARN_UNINITIALIZED_AUTOS = YES_AGGRESSIVE;
				GCC_WARN_UNUSED_FUNCTION = YES;
				GCC_WARN_UNUSED_VARIABLE = YES;
				IPHONEOS_DEPLOYMENT_TARGET = 13.2;
				MTL_ENABLE_DEBUG_INFO = INCLUDE_SOURCE;
				MTL_FAST_MATH = YES;
				ONLY_ACTIVE_ARCH = YES;
				SDKROOT = iphoneos;
				SWIFT_ACTIVE_COMPILATION_CONDITIONS = DEBUG;
				SWIFT_OPTIMIZATION_LEVEL = "-Onone";
			};
			name = Debug;
		};
		1D53653023BE7E4C00152BCD /* Release */ = {
			isa = XCBuildConfiguration;
			buildSettings = {
				ALWAYS_SEARCH_USER_PATHS = NO;
				CLANG_ANALYZER_NONNULL = YES;
				CLANG_ANALYZER_NUMBER_OBJECT_CONVERSION = YES_AGGRESSIVE;
				CLANG_CXX_LANGUAGE_STANDARD = "gnu++14";
				CLANG_CXX_LIBRARY = "libc++";
				CLANG_ENABLE_MODULES = YES;
				CLANG_ENABLE_OBJC_ARC = YES;
				CLANG_ENABLE_OBJC_WEAK = YES;
				CLANG_WARN_BLOCK_CAPTURE_AUTORELEASING = YES;
				CLANG_WARN_BOOL_CONVERSION = YES;
				CLANG_WARN_COMMA = YES;
				CLANG_WARN_CONSTANT_CONVERSION = YES;
				CLANG_WARN_DEPRECATED_OBJC_IMPLEMENTATIONS = YES;
				CLANG_WARN_DIRECT_OBJC_ISA_USAGE = YES_ERROR;
				CLANG_WARN_DOCUMENTATION_COMMENTS = YES;
				CLANG_WARN_EMPTY_BODY = YES;
				CLANG_WARN_ENUM_CONVERSION = YES;
				CLANG_WARN_INFINITE_RECURSION = YES;
				CLANG_WARN_INT_CONVERSION = YES;
				CLANG_WARN_NON_LITERAL_NULL_CONVERSION = YES;
				CLANG_WARN_OBJC_IMPLICIT_RETAIN_SELF = YES;
				CLANG_WARN_OBJC_LITERAL_CONVERSION = YES;
				CLANG_WARN_OBJC_ROOT_CLASS = YES_ERROR;
				CLANG_WARN_RANGE_LOOP_ANALYSIS = YES;
				CLANG_WARN_STRICT_PROTOTYPES = YES;
				CLANG_WARN_SUSPICIOUS_MOVE = YES;
				CLANG_WARN_UNGUARDED_AVAILABILITY = YES_AGGRESSIVE;
				CLANG_WARN_UNREACHABLE_CODE = YES;
				CLANG_WARN__DUPLICATE_METHOD_MATCH = YES;
				COPY_PHASE_STRIP = NO;
				DEBUG_INFORMATION_FORMAT = "dwarf-with-dsym";
				ENABLE_NS_ASSERTIONS = NO;
				ENABLE_STRICT_OBJC_MSGSEND = YES;
				GCC_C_LANGUAGE_STANDARD = gnu11;
				GCC_NO_COMMON_BLOCKS = YES;
				GCC_WARN_64_TO_32_BIT_CONVERSION = YES;
				GCC_WARN_ABOUT_RETURN_TYPE = YES_ERROR;
				GCC_WARN_UNDECLARED_SELECTOR = YES;
				GCC_WARN_UNINITIALIZED_AUTOS = YES_AGGRESSIVE;
				GCC_WARN_UNUSED_FUNCTION = YES;
				GCC_WARN_UNUSED_VARIABLE = YES;
				IPHONEOS_DEPLOYMENT_TARGET = 13.2;
				MTL_ENABLE_DEBUG_INFO = NO;
				MTL_FAST_MATH = YES;
				SDKROOT = iphoneos;
				SWIFT_COMPILATION_MODE = wholemodule;
				SWIFT_OPTIMIZATION_LEVEL = "-O";
				VALIDATE_PRODUCT = YES;
			};
			name = Release;
		};
		1D53653223BE7E4C00152BCD /* Debug */ = {
			isa = XCBuildConfiguration;
			baseConfigurationReference = 94002B438E5B47028FE326EF /* Pods-ThanosEffectStyle.debug.xcconfig */;
			buildSettings = {
				ASSETCATALOG_COMPILER_APPICON_NAME = AppIcon;
				CODE_SIGN_STYLE = Automatic;
				DEVELOPMENT_TEAM = L8W86DZDY2;
				INFOPLIST_FILE = ThanosEffectStyle/Info.plist;
				LD_RUNPATH_SEARCH_PATHS = (
					"$(inherited)",
					"@executable_path/Frameworks",
				);
				PRODUCT_BUNDLE_IDENTIFIER = com.ri.ThanosEffectStyle;
				PRODUCT_NAME = "$(TARGET_NAME)";
				SWIFT_VERSION = 5.0;
				TARGETED_DEVICE_FAMILY = "1,2";
			};
			name = Debug;
		};
		1D53653323BE7E4C00152BCD /* Release */ = {
			isa = XCBuildConfiguration;
			baseConfigurationReference = F2B927324F0239C11B67C9D3 /* Pods-ThanosEffectStyle.release.xcconfig */;
			buildSettings = {
				ASSETCATALOG_COMPILER_APPICON_NAME = AppIcon;
				CODE_SIGN_STYLE = Automatic;
				DEVELOPMENT_TEAM = L8W86DZDY2;
				INFOPLIST_FILE = ThanosEffectStyle/Info.plist;
				LD_RUNPATH_SEARCH_PATHS = (
					"$(inherited)",
					"@executable_path/Frameworks",
				);
				PRODUCT_BUNDLE_IDENTIFIER = com.ri.ThanosEffectStyle;
				PRODUCT_NAME = "$(TARGET_NAME)";
				SWIFT_VERSION = 5.0;
				TARGETED_DEVICE_FAMILY = "1,2";
			};
			name = Release;
		};
/* End XCBuildConfiguration section */

/* Begin XCConfigurationList section */
		1D53651823BE7E4B00152BCD /* Build configuration list for PBXProject "ThanosEffectStyle" */ = {
			isa = XCConfigurationList;
			buildConfigurations = (
				1D53652F23BE7E4C00152BCD /* Debug */,
				1D53653023BE7E4C00152BCD /* Release */,
			);
			defaultConfigurationIsVisible = 0;
			defaultConfigurationName = Release;
		};
		1D53653123BE7E4C00152BCD /* Build configuration list for PBXNativeTarget "ThanosEffectStyle" */ = {
			isa = XCConfigurationList;
			buildConfigurations = (
				1D53653223BE7E4C00152BCD /* Debug */,
				1D53653323BE7E4C00152BCD /* Release */,
			);
			defaultConfigurationIsVisible = 0;
			defaultConfigurationName = Release;
		};
/* End XCConfigurationList section */
	};
	rootObject = 1D53651523BE7E4B00152BCD /* Project object */;
}
